
Microsoft Visual Studio Solution File, Format Version 12.00
# Visual Studio 15
VisualStudioVersion = 15.0.27130.2027
MinimumVisualStudioVersion = 10.0.40219.1
Project("{FAE04EC0-301F-11D3-BF4B-00C04F79EFBC}") = "cs02", "cs02\cs02.csproj", "{6C0BB108-F4FA-4B83-A47B-B7745984D118}"
EndProject
Project("{FAE04EC0-301F-11D3-BF4B-00C04F79EFBC}") = "cs01", "cs01\cs01.csproj", "{429E8FC0-55F6-420E-B72A-AA095438BB98}"
EndProject
Project("{FAE04EC0-301F-11D3-BF4B-00C04F79EFBC}") = "IntroOOP", "IntroOOP\IntroOOP.csproj", "{A7A337E3-6036-4C91-8789-66F11AC00926}"
EndProject
Global
	GlobalSection(SolutionConfigurationPlatforms) = preSolution
		Debug|Any CPU = Debug|Any CPU
		Debug|x64 = Debug|x64
		Debug|x86 = Debug|x86
		Release|Any CPU = Release|Any CPU
		Release|x64 = Release|x64
		Release|x86 = Release|x86
	EndGlobalSection
	GlobalSection(ProjectConfigurationPlatforms) = postSolution
		{6C0BB108-F4FA-4B83-A47B-B7745984D118}.Debug|Any CPU.ActiveCfg = Debug|Any CPU
		{6C0BB108-F4FA-4B83-A47B-B7745984D118}.Debug|Any CPU.Build.0 = Debug|Any CPU
		{6C0BB108-F4FA-4B83-A47B-B7745984D118}.Debug|x64.ActiveCfg = Debug|Any CPU
		{6C0BB108-F4FA-4B83-A47B-B7745984D118}.Debug|x64.Build.0 = Debug|Any CPU
		{6C0BB108-F4FA-4B83-A47B-B7745984D118}.Debug|x86.ActiveCfg = Debug|Any CPU
		{6C0BB108-F4FA-4B83-A47B-B7745984D118}.Debug|x86.Build.0 = Debug|Any CPU
		{6C0BB108-F4FA-4B83-A47B-B7745984D118}.Release|Any CPU.ActiveCfg = Release|Any CPU
		{6C0BB108-F4FA-4B83-A47B-B7745984D118}.Release|Any CPU.Build.0 = Release|Any CPU
		{6C0BB108-F4FA-4B83-A47B-B7745984D118}.Release|x64.ActiveCfg = Release|Any CPU
		{6C0BB108-F4FA-4B83-A47B-B7745984D118}.Release|x64.Build.0 = Release|Any CPU
		{6C0BB108-F4FA-4B83-A47B-B7745984D118}.Release|x86.ActiveCfg = Release|Any CPU
		{6C0BB108-F4FA-4B83-A47B-B7745984D118}.Release|x86.Build.0 = Release|Any CPU
		{429E8FC0-55F6-420E-B72A-AA095438BB98}.Debug|Any CPU.ActiveCfg = Debug|Any CPU
		{429E8FC0-55F6-420E-B72A-AA095438BB98}.Debug|Any CPU.Build.0 = Debug|Any CPU
		{429E8FC0-55F6-420E-B72A-AA095438BB98}.Debug|x64.ActiveCfg = Debug|Any CPU
		{429E8FC0-55F6-420E-B72A-AA095438BB98}.Debug|x64.Build.0 = Debug|Any CPU
		{429E8FC0-55F6-420E-B72A-AA095438BB98}.Debug|x86.ActiveCfg = Debug|Any CPU
		{429E8FC0-55F6-420E-B72A-AA095438BB98}.Debug|x86.Build.0 = Debug|Any CPU
		{429E8FC0-55F6-420E-B72A-AA095438BB98}.Release|Any CPU.ActiveCfg = Release|Any CPU
		{429E8FC0-55F6-420E-B72A-AA095438BB98}.Release|Any CPU.Build.0 = Release|Any CPU
		{429E8FC0-55F6-420E-B72A-AA095438BB98}.Release|x64.ActiveCfg = Release|Any CPU
		{429E8FC0-55F6-420E-B72A-AA095438BB98}.Release|x64.Build.0 = Release|Any CPU
		{429E8FC0-55F6-420E-B72A-AA095438BB98}.Release|x86.ActiveCfg = Release|Any CPU
		{429E8FC0-55F6-420E-B72A-AA095438BB98}.Release|x86.Build.0 = Release|Any CPU
		{A7A337E3-6036-4C91-8789-66F11AC00926}.Debug|Any CPU.ActiveCfg = Debug|Any CPU
		{A7A337E3-6036-4C91-8789-66F11AC00926}.Debug|Any CPU.Build.0 = Debug|Any CPU
		{A7A337E3-6036-4C91-8789-66F11AC00926}.Debug|x64.ActiveCfg = Debug|Any CPU
		{A7A337E3-6036-4C91-8789-66F11AC00926}.Debug|x64.Build.0 = Debug|Any CPU
		{A7A337E3-6036-4C91-8789-66F11AC00926}.Debug|x86.ActiveCfg = Debug|Any CPU
		{A7A337E3-6036-4C91-8789-66F11AC00926}.Debug|x86.Build.0 = Debug|Any CPU
		{A7A337E3-6036-4C91-8789-66F11AC00926}.Release|Any CPU.ActiveCfg = Release|Any CPU
		{A7A337E3-6036-4C91-8789-66F11AC00926}.Release|Any CPU.Build.0 = Release|Any CPU
		{A7A337E3-6036-4C91-8789-66F11AC00926}.Release|x64.ActiveCfg = Release|Any CPU
		{A7A337E3-6036-4C91-8789-66F11AC00926}.Release|x64.Build.0 = Release|Any CPU
		{A7A337E3-6036-4C91-8789-66F11AC00926}.Release|x86.ActiveCfg = Release|Any CPU
		{A7A337E3-6036-4C91-8789-66F11AC00926}.Release|x86.Build.0 = Release|Any CPU
	EndGlobalSection
	GlobalSection(SolutionProperties) = preSolution
		HideSolutionNode = FALSE
	EndGlobalSection
	GlobalSection(ExtensibilityGlobals) = postSolution
		SolutionGuid = {6BFB2511-50E6-4E7D-92EA-6FFED9E50D35}
	EndGlobalSection
EndGlobal
